// !$*UTF8*$!
{
	archiveVersion = 1;
	classes = {
	};
	objectVersion = 51;
	objects = {

/* Begin PBXBuildFile section */
		1353936D2451774200CB9622 /* Bite2.mp3 in Resources */ = {isa = PBXBuildFile; fileRef = 1353936C2451774200CB9622 /* Bite2.mp3 */; };
		1353936F245179C200CB9622 /* FoodReady.mp3 in Resources */ = {isa = PBXBuildFile; fileRef = 1353936E245179C100CB9622 /* FoodReady.mp3 */; };
		139F1DDC244E60E900C1CF4F /* GoogleService-Info.plist in Resources */ = {isa = PBXBuildFile; fileRef = 139F1DDB244E60E900C1CF4F /* GoogleService-Info.plist */; };
		13F39634244F6F34004BD488 /* Resources.swift in Sources */ = {isa = PBXBuildFile; fileRef = 13F39633244F6F34004BD488 /* Resources.swift */; };
		13F39636244F7B26004BD488 /* ResourcesCell.swift in Sources */ = {isa = PBXBuildFile; fileRef = 13F39635244F7B26004BD488 /* ResourcesCell.swift */; };
		13F4BA89244E54DC00C0DC23 /* AppDelegate.swift in Sources */ = {isa = PBXBuildFile; fileRef = 13F4BA88244E54DC00C0DC23 /* AppDelegate.swift */; };
		13F4BA8B244E54DC00C0DC23 /* SceneDelegate.swift in Sources */ = {isa = PBXBuildFile; fileRef = 13F4BA8A244E54DC00C0DC23 /* SceneDelegate.swift */; };
		13F4BA8D244E54DC00C0DC23 /* ViewController.swift in Sources */ = {isa = PBXBuildFile; fileRef = 13F4BA8C244E54DC00C0DC23 /* ViewController.swift */; };
		13F4BA90244E54DC00C0DC23 /* Main.storyboard in Resources */ = {isa = PBXBuildFile; fileRef = 13F4BA8E244E54DC00C0DC23 /* Main.storyboard */; };
		13F4BA92244E54E000C0DC23 /* Assets.xcassets in Resources */ = {isa = PBXBuildFile; fileRef = 13F4BA91244E54E000C0DC23 /* Assets.xcassets */; };
		13F4BA95244E54E000C0DC23 /* LaunchScreen.storyboard in Resources */ = {isa = PBXBuildFile; fileRef = 13F4BA93244E54E000C0DC23 /* LaunchScreen.storyboard */; };
		13F4BA9D244E582500C0DC23 /* Login.storyboard in Resources */ = {isa = PBXBuildFile; fileRef = 13F4BA9C244E582500C0DC23 /* Login.storyboard */; };
		13F4BA9F244E595B00C0DC23 /* AuthenticationSessions.swift in Sources */ = {isa = PBXBuildFile; fileRef = 13F4BA9E244E595B00C0DC23 /* AuthenticationSessions.swift */; };
		13F4BAA1244E596400C0DC23 /* DatabaseService.swift in Sources */ = {isa = PBXBuildFile; fileRef = 13F4BAA0244E596400C0DC23 /* DatabaseService.swift */; };
		13F4BAA4244E599000C0DC23 /* Offer.swift in Sources */ = {isa = PBXBuildFile; fileRef = 13F4BAA3244E599000C0DC23 /* Offer.swift */; };
		13F4BAA7244E5A0300C0DC23 /* Venue.swift in Sources */ = {isa = PBXBuildFile; fileRef = 13F4BAA6244E5A0300C0DC23 /* Venue.swift */; };
		13F4BAAC244E5A6200C0DC23 /* ResourcesViewController.swift in Sources */ = {isa = PBXBuildFile; fileRef = 13F4BAAB244E5A6200C0DC23 /* ResourcesViewController.swift */; };
		13F4BAAE244E5A8900C0DC23 /* VenueInfoController.swift in Sources */ = {isa = PBXBuildFile; fileRef = 13F4BAAD244E5A8900C0DC23 /* VenueInfoController.swift */; };
		13F4BAB0244E5AB200C0DC23 /* LoginCustomCell.swift in Sources */ = {isa = PBXBuildFile; fileRef = 13F4BAAF244E5AB200C0DC23 /* LoginCustomCell.swift */; };
		13F4BAB2244E5AC100C0DC23 /* OffersCell.swift in Sources */ = {isa = PBXBuildFile; fileRef = 13F4BAB1244E5AC100C0DC23 /* OffersCell.swift */; };
		13F4BAB4244E5ACF00C0DC23 /* VenueCell.swift in Sources */ = {isa = PBXBuildFile; fileRef = 13F4BAB3244E5ACF00C0DC23 /* VenueCell.swift */; };
		13F4BAB7244E5AF000C0DC23 /* CoreLocationManager.swift in Sources */ = {isa = PBXBuildFile; fileRef = 13F4BAB6244E5AF000C0DC23 /* CoreLocationManager.swift */; };
		13F4BAB9244E5B0D00C0DC23 /* HeaderView.swift in Sources */ = {isa = PBXBuildFile; fileRef = 13F4BAB8244E5B0D00C0DC23 /* HeaderView.swift */; };
		13F4BABB244E5B2500C0DC23 /* EmptyView.swift in Sources */ = {isa = PBXBuildFile; fileRef = 13F4BABA244E5B2500C0DC23 /* EmptyView.swift */; };
		13F4BABD244E5B5200C0DC23 /* UIViewController + Alerts.swift in Sources */ = {isa = PBXBuildFile; fileRef = 13F4BABC244E5B5200C0DC23 /* UIViewController + Alerts.swift */; };
		634E16BD244F3B77002C954A /* Wireframe.storyboard in Resources */ = {isa = PBXBuildFile; fileRef = 634E16BC244F3B77002C954A /* Wireframe.storyboard */; };
		634E16BF244F6381002C954A /* Venues.storyboard in Resources */ = {isa = PBXBuildFile; fileRef = 634E16BE244F6381002C954A /* Venues.storyboard */; };
		634E16C1244F643D002C954A /* VenueViewController.swift in Sources */ = {isa = PBXBuildFile; fileRef = 634E16C0244F643D002C954A /* VenueViewController.swift */; };
		634E16C3244F68F3002C954A /* PastOffersViewController.swift in Sources */ = {isa = PBXBuildFile; fileRef = 634E16C2244F68F3002C954A /* PastOffersViewController.swift */; };
		634E16C7244FBC80002C954A /* CreateOffersViewController.swift in Sources */ = {isa = PBXBuildFile; fileRef = 634E16C6244FBC80002C954A /* CreateOffersViewController.swift */; };
		634E16C9244FC4A5002C954A /* User.swift in Sources */ = {isa = PBXBuildFile; fileRef = 634E16C8244FC4A5002C954A /* User.swift */; };
		636E9C6524516BDB00461E43 /* ClaimButtonViewController.swift in Sources */ = {isa = PBXBuildFile; fileRef = 636E9C6424516BDB00461E43 /* ClaimButtonViewController.swift */; };
		636E9C6724516DED00461E43 /* TabBarController.swift in Sources */ = {isa = PBXBuildFile; fileRef = 636E9C6624516DED00461E43 /* TabBarController.swift */; };
		9F01126424501360006B2DE8 /* UserDetailViewController.swift in Sources */ = {isa = PBXBuildFile; fileRef = 9F01126324501360006B2DE8 /* UserDetailViewController.swift */; };
		9F0112662450DB08006B2DE8 /* ClaimMealsView.swift in Sources */ = {isa = PBXBuildFile; fileRef = 9F0112652450DB07006B2DE8 /* ClaimMealsView.swift */; };
		9F37802C244F7941007C174E /* MainView.swift in Sources */ = {isa = PBXBuildFile; fileRef = 9F37802B244F7941007C174E /* MainView.swift */; };
		9F37802E244F873C007C174E /* MainViewCell.swift in Sources */ = {isa = PBXBuildFile; fileRef = 9F37802D244F873C007C174E /* MainViewCell.swift */; };
		9F504D2D244FEA2800294978 /* UserDetailView.swift in Sources */ = {isa = PBXBuildFile; fileRef = 9F504D2C244FEA2800294978 /* UserDetailView.swift */; };
		9F504D2F24500A0F00294978 /* MainViewController.swift in Sources */ = {isa = PBXBuildFile; fileRef = 9F504D2E24500A0F00294978 /* MainViewController.swift */; };
		C4604AA6244F613E008E2857 /* LoginView.swift in Sources */ = {isa = PBXBuildFile; fileRef = C4604AA5244F613E008E2857 /* LoginView.swift */; };
		C4604AA8244F6165008E2857 /* LoginViewController.swift in Sources */ = {isa = PBXBuildFile; fileRef = C4604AA7244F6165008E2857 /* LoginViewController.swift */; };
		C4604AAA244F7D9B008E2857 /* VenueSignUpController.swift in Sources */ = {isa = PBXBuildFile; fileRef = C4604AA9244F7D9B008E2857 /* VenueSignUpController.swift */; };
		C4604AAC244F7DB4008E2857 /* VenueSignUpView.swift in Sources */ = {isa = PBXBuildFile; fileRef = C4604AAB244F7DB4008E2857 /* VenueSignUpView.swift */; };
		C4604AAE244FDECE008E2857 /* CollectVenueInfoView.swift in Sources */ = {isa = PBXBuildFile; fileRef = C4604AAD244FDECE008E2857 /* CollectVenueInfoView.swift */; };
		C4604AB0244FDF0C008E2857 /* CollectVenueInfoController.swift in Sources */ = {isa = PBXBuildFile; fileRef = C4604AAF244FDF0C008E2857 /* CollectVenueInfoController.swift */; };
		C4789D962450BA31008193BA /* UIViewController+SceneChange.swift in Sources */ = {isa = PBXBuildFile; fileRef = C4789D952450BA31008193BA /* UIViewController+SceneChange.swift */; };
		C4789D982450BCD4008193BA /* AverageUserSignInView.swift in Sources */ = {isa = PBXBuildFile; fileRef = C4789D972450BCD4008193BA /* AverageUserSignInView.swift */; };
		C4789D9A2450BCED008193BA /* AverageUserSignInController.swift in Sources */ = {isa = PBXBuildFile; fileRef = C4789D992450BCED008193BA /* AverageUserSignInController.swift */; };
		C4789D9C2450E742008193BA /* LoginWithPhoneView.swift in Sources */ = {isa = PBXBuildFile; fileRef = C4789D9B2450E742008193BA /* LoginWithPhoneView.swift */; };
		C4789D9E2450E758008193BA /* LoginWithPhoneController.swift in Sources */ = {isa = PBXBuildFile; fileRef = C4789D9D2450E758008193BA /* LoginWithPhoneController.swift */; };
		C4789DA02450EB94008193BA /* UserFoodPreferencesView.swift in Sources */ = {isa = PBXBuildFile; fileRef = C4789D9F2450EB94008193BA /* UserFoodPreferencesView.swift */; };
		C4789DA22450EBB4008193BA /* UserFoodPreferencesController.swift in Sources */ = {isa = PBXBuildFile; fileRef = C4789DA12450EBB4008193BA /* UserFoodPreferencesController.swift */; };
		DF5396A277EEB116C295FFF6 /* Pods_TeamBite.framework in Frameworks */ = {isa = PBXBuildFile; fileRef = C265DBCF3AE7964A409DBF0B /* Pods_TeamBite.framework */; };
/* End PBXBuildFile section */

/* Begin PBXFileReference section */
		1353936C2451774200CB9622 /* Bite2.mp3 */ = {isa = PBXFileReference; lastKnownFileType = audio.mp3; path = Bite2.mp3; sourceTree = "<group>"; };
		1353936E245179C100CB9622 /* FoodReady.mp3 */ = {isa = PBXFileReference; lastKnownFileType = audio.mp3; path = FoodReady.mp3; sourceTree = "<group>"; };
		139F1DDB244E60E900C1CF4F /* GoogleService-Info.plist */ = {isa = PBXFileReference; fileEncoding = 4; lastKnownFileType = text.plist.xml; path = "GoogleService-Info.plist"; sourceTree = "<group>"; };
		13F39633244F6F34004BD488 /* Resources.swift */ = {isa = PBXFileReference; lastKnownFileType = sourcecode.swift; path = Resources.swift; sourceTree = "<group>"; };
		13F39635244F7B26004BD488 /* ResourcesCell.swift */ = {isa = PBXFileReference; lastKnownFileType = sourcecode.swift; path = ResourcesCell.swift; sourceTree = "<group>"; };
		13F4BA85244E54DC00C0DC23 /* TeamBite.app */ = {isa = PBXFileReference; explicitFileType = wrapper.application; includeInIndex = 0; path = TeamBite.app; sourceTree = BUILT_PRODUCTS_DIR; };
		13F4BA88244E54DC00C0DC23 /* AppDelegate.swift */ = {isa = PBXFileReference; lastKnownFileType = sourcecode.swift; path = AppDelegate.swift; sourceTree = "<group>"; };
		13F4BA8A244E54DC00C0DC23 /* SceneDelegate.swift */ = {isa = PBXFileReference; lastKnownFileType = sourcecode.swift; path = SceneDelegate.swift; sourceTree = "<group>"; };
		13F4BA8C244E54DC00C0DC23 /* ViewController.swift */ = {isa = PBXFileReference; lastKnownFileType = sourcecode.swift; path = ViewController.swift; sourceTree = "<group>"; };
		13F4BA8F244E54DC00C0DC23 /* Base */ = {isa = PBXFileReference; lastKnownFileType = file.storyboard; name = Base; path = Base.lproj/Main.storyboard; sourceTree = "<group>"; };
		13F4BA91244E54E000C0DC23 /* Assets.xcassets */ = {isa = PBXFileReference; lastKnownFileType = folder.assetcatalog; path = Assets.xcassets; sourceTree = "<group>"; };
		13F4BA94244E54E000C0DC23 /* Base */ = {isa = PBXFileReference; lastKnownFileType = file.storyboard; name = Base; path = Base.lproj/LaunchScreen.storyboard; sourceTree = "<group>"; };
		13F4BA96244E54E000C0DC23 /* Info.plist */ = {isa = PBXFileReference; lastKnownFileType = text.plist.xml; path = Info.plist; sourceTree = "<group>"; };
		13F4BA9C244E582500C0DC23 /* Login.storyboard */ = {isa = PBXFileReference; lastKnownFileType = file.storyboard; path = Login.storyboard; sourceTree = "<group>"; };
		13F4BA9E244E595B00C0DC23 /* AuthenticationSessions.swift */ = {isa = PBXFileReference; lastKnownFileType = sourcecode.swift; path = AuthenticationSessions.swift; sourceTree = "<group>"; };
		13F4BAA0244E596400C0DC23 /* DatabaseService.swift */ = {isa = PBXFileReference; lastKnownFileType = sourcecode.swift; path = DatabaseService.swift; sourceTree = "<group>"; };
		13F4BAA3244E599000C0DC23 /* Offer.swift */ = {isa = PBXFileReference; lastKnownFileType = sourcecode.swift; path = Offer.swift; sourceTree = "<group>"; };
		13F4BAA6244E5A0300C0DC23 /* Venue.swift */ = {isa = PBXFileReference; lastKnownFileType = sourcecode.swift; path = Venue.swift; sourceTree = "<group>"; };
		13F4BAAB244E5A6200C0DC23 /* ResourcesViewController.swift */ = {isa = PBXFileReference; lastKnownFileType = sourcecode.swift; path = ResourcesViewController.swift; sourceTree = "<group>"; };
		13F4BAAD244E5A8900C0DC23 /* VenueInfoController.swift */ = {isa = PBXFileReference; lastKnownFileType = sourcecode.swift; path = VenueInfoController.swift; sourceTree = "<group>"; };
		13F4BAAF244E5AB200C0DC23 /* LoginCustomCell.swift */ = {isa = PBXFileReference; lastKnownFileType = sourcecode.swift; path = LoginCustomCell.swift; sourceTree = "<group>"; };
		13F4BAB1244E5AC100C0DC23 /* OffersCell.swift */ = {isa = PBXFileReference; lastKnownFileType = sourcecode.swift; path = OffersCell.swift; sourceTree = "<group>"; };
		13F4BAB3244E5ACF00C0DC23 /* VenueCell.swift */ = {isa = PBXFileReference; lastKnownFileType = sourcecode.swift; path = VenueCell.swift; sourceTree = "<group>"; };
		13F4BAB6244E5AF000C0DC23 /* CoreLocationManager.swift */ = {isa = PBXFileReference; lastKnownFileType = sourcecode.swift; path = CoreLocationManager.swift; sourceTree = "<group>"; };
		13F4BAB8244E5B0D00C0DC23 /* HeaderView.swift */ = {isa = PBXFileReference; lastKnownFileType = sourcecode.swift; path = HeaderView.swift; sourceTree = "<group>"; };
		13F4BABA244E5B2500C0DC23 /* EmptyView.swift */ = {isa = PBXFileReference; lastKnownFileType = sourcecode.swift; path = EmptyView.swift; sourceTree = "<group>"; };
		13F4BABC244E5B5200C0DC23 /* UIViewController + Alerts.swift */ = {isa = PBXFileReference; lastKnownFileType = sourcecode.swift; path = "UIViewController + Alerts.swift"; sourceTree = "<group>"; };
		634E16BC244F3B77002C954A /* Wireframe.storyboard */ = {isa = PBXFileReference; lastKnownFileType = file.storyboard; path = Wireframe.storyboard; sourceTree = "<group>"; };
		634E16BE244F6381002C954A /* Venues.storyboard */ = {isa = PBXFileReference; lastKnownFileType = file.storyboard; path = Venues.storyboard; sourceTree = "<group>"; };
		634E16C0244F643D002C954A /* VenueViewController.swift */ = {isa = PBXFileReference; lastKnownFileType = sourcecode.swift; path = VenueViewController.swift; sourceTree = "<group>"; };
		634E16C2244F68F3002C954A /* PastOffersViewController.swift */ = {isa = PBXFileReference; lastKnownFileType = sourcecode.swift; path = PastOffersViewController.swift; sourceTree = "<group>"; };
		634E16C6244FBC80002C954A /* CreateOffersViewController.swift */ = {isa = PBXFileReference; lastKnownFileType = sourcecode.swift; path = CreateOffersViewController.swift; sourceTree = "<group>"; };
		634E16C8244FC4A5002C954A /* User.swift */ = {isa = PBXFileReference; lastKnownFileType = sourcecode.swift; path = User.swift; sourceTree = "<group>"; };
		636E9C6424516BDB00461E43 /* ClaimButtonViewController.swift */ = {isa = PBXFileReference; lastKnownFileType = sourcecode.swift; path = ClaimButtonViewController.swift; sourceTree = "<group>"; };
		636E9C6624516DED00461E43 /* TabBarController.swift */ = {isa = PBXFileReference; lastKnownFileType = sourcecode.swift; path = TabBarController.swift; sourceTree = "<group>"; };
		968999C13E4D20935AD54CD3 /* Pods-TeamBite.release.xcconfig */ = {isa = PBXFileReference; includeInIndex = 1; lastKnownFileType = text.xcconfig; name = "Pods-TeamBite.release.xcconfig"; path = "Target Support Files/Pods-TeamBite/Pods-TeamBite.release.xcconfig"; sourceTree = "<group>"; };
		9F01126324501360006B2DE8 /* UserDetailViewController.swift */ = {isa = PBXFileReference; lastKnownFileType = sourcecode.swift; path = UserDetailViewController.swift; sourceTree = "<group>"; };
		9F0112652450DB07006B2DE8 /* ClaimMealsView.swift */ = {isa = PBXFileReference; lastKnownFileType = sourcecode.swift; path = ClaimMealsView.swift; sourceTree = "<group>"; };
		9F37802B244F7941007C174E /* MainView.swift */ = {isa = PBXFileReference; lastKnownFileType = sourcecode.swift; path = MainView.swift; sourceTree = "<group>"; };
		9F37802D244F873C007C174E /* MainViewCell.swift */ = {isa = PBXFileReference; lastKnownFileType = sourcecode.swift; path = MainViewCell.swift; sourceTree = "<group>"; };
		9F504D2C244FEA2800294978 /* UserDetailView.swift */ = {isa = PBXFileReference; lastKnownFileType = sourcecode.swift; path = UserDetailView.swift; sourceTree = "<group>"; };
		9F504D2E24500A0F00294978 /* MainViewController.swift */ = {isa = PBXFileReference; lastKnownFileType = sourcecode.swift; path = MainViewController.swift; sourceTree = "<group>"; };
		C265DBCF3AE7964A409DBF0B /* Pods_TeamBite.framework */ = {isa = PBXFileReference; explicitFileType = wrapper.framework; includeInIndex = 0; path = Pods_TeamBite.framework; sourceTree = BUILT_PRODUCTS_DIR; };
		C4604AA5244F613E008E2857 /* LoginView.swift */ = {isa = PBXFileReference; lastKnownFileType = sourcecode.swift; path = LoginView.swift; sourceTree = "<group>"; };
		C4604AA7244F6165008E2857 /* LoginViewController.swift */ = {isa = PBXFileReference; lastKnownFileType = sourcecode.swift; path = LoginViewController.swift; sourceTree = "<group>"; };
		C4604AA9244F7D9B008E2857 /* VenueSignUpController.swift */ = {isa = PBXFileReference; lastKnownFileType = sourcecode.swift; path = VenueSignUpController.swift; sourceTree = "<group>"; };
		C4604AAB244F7DB4008E2857 /* VenueSignUpView.swift */ = {isa = PBXFileReference; lastKnownFileType = sourcecode.swift; path = VenueSignUpView.swift; sourceTree = "<group>"; };
		C4604AAD244FDECE008E2857 /* CollectVenueInfoView.swift */ = {isa = PBXFileReference; lastKnownFileType = sourcecode.swift; path = CollectVenueInfoView.swift; sourceTree = "<group>"; };
		C4604AAF244FDF0C008E2857 /* CollectVenueInfoController.swift */ = {isa = PBXFileReference; lastKnownFileType = sourcecode.swift; path = CollectVenueInfoController.swift; sourceTree = "<group>"; };
		C4789D952450BA31008193BA /* UIViewController+SceneChange.swift */ = {isa = PBXFileReference; lastKnownFileType = sourcecode.swift; path = "UIViewController+SceneChange.swift"; sourceTree = "<group>"; };
		C4789D972450BCD4008193BA /* AverageUserSignInView.swift */ = {isa = PBXFileReference; lastKnownFileType = sourcecode.swift; path = AverageUserSignInView.swift; sourceTree = "<group>"; };
		C4789D992450BCED008193BA /* AverageUserSignInController.swift */ = {isa = PBXFileReference; lastKnownFileType = sourcecode.swift; path = AverageUserSignInController.swift; sourceTree = "<group>"; };
		C4789D9B2450E742008193BA /* LoginWithPhoneView.swift */ = {isa = PBXFileReference; lastKnownFileType = sourcecode.swift; path = LoginWithPhoneView.swift; sourceTree = "<group>"; };
		C4789D9D2450E758008193BA /* LoginWithPhoneController.swift */ = {isa = PBXFileReference; lastKnownFileType = sourcecode.swift; path = LoginWithPhoneController.swift; sourceTree = "<group>"; };
		C4789D9F2450EB94008193BA /* UserFoodPreferencesView.swift */ = {isa = PBXFileReference; lastKnownFileType = sourcecode.swift; path = UserFoodPreferencesView.swift; sourceTree = "<group>"; };
		C4789DA12450EBB4008193BA /* UserFoodPreferencesController.swift */ = {isa = PBXFileReference; lastKnownFileType = sourcecode.swift; path = UserFoodPreferencesController.swift; sourceTree = "<group>"; };
		D640137B3F19C392620FF0D3 /* Pods-TeamBite.debug.xcconfig */ = {isa = PBXFileReference; includeInIndex = 1; lastKnownFileType = text.xcconfig; name = "Pods-TeamBite.debug.xcconfig"; path = "Target Support Files/Pods-TeamBite/Pods-TeamBite.debug.xcconfig"; sourceTree = "<group>"; };
/* End PBXFileReference section */

/* Begin PBXFrameworksBuildPhase section */
		13F4BA82244E54DC00C0DC23 /* Frameworks */ = {
			isa = PBXFrameworksBuildPhase;
			buildActionMask = 2147483647;
			files = (
				DF5396A277EEB116C295FFF6 /* Pods_TeamBite.framework in Frameworks */,
			);
			runOnlyForDeploymentPostprocessing = 0;
		};
/* End PBXFrameworksBuildPhase section */

/* Begin PBXGroup section */
		0457FED100D172B8967E52D8 /* Frameworks */ = {
			isa = PBXGroup;
			children = (
				C265DBCF3AE7964A409DBF0B /* Pods_TeamBite.framework */,
			);
			name = Frameworks;
			sourceTree = "<group>";
		};
		13F4BA7C244E54DC00C0DC23 = {
			isa = PBXGroup;
			children = (
				13F4BA87244E54DC00C0DC23 /* TeamBite */,
				13F4BA86244E54DC00C0DC23 /* Products */,
				15687901BB74BB85DA73B07A /* Pods */,
				0457FED100D172B8967E52D8 /* Frameworks */,
			);
			sourceTree = "<group>";
		};
		13F4BA86244E54DC00C0DC23 /* Products */ = {
			isa = PBXGroup;
			children = (
				13F4BA85244E54DC00C0DC23 /* TeamBite.app */,
			);
			name = Products;
			sourceTree = "<group>";
		};
		13F4BA87244E54DC00C0DC23 /* TeamBite */ = {
			isa = PBXGroup;
			children = (
				13F4BA88244E54DC00C0DC23 /* AppDelegate.swift */,
				13F4BA8A244E54DC00C0DC23 /* SceneDelegate.swift */,
				13F4BAB6244E5AF000C0DC23 /* CoreLocationManager.swift */,
				1353936C2451774200CB9622 /* Bite2.mp3 */,
				1353936E245179C100CB9622 /* FoodReady.mp3 */,
				13F4BABF244E5B9E00C0DC23 /* Views */,
				13F4BABE244E5B9200C0DC23 /* Extensions */,
				13F4BAA5244E599600C0DC23 /* Models */,
				13F4BAB5244E5AD500C0DC23 /* Cells */,
				13F4BAAA244E5A3400C0DC23 /* ViewControllers */,
				13F4BAA2244E596900C0DC23 /* FirebaseManager */,
				13F4BA9C244E582500C0DC23 /* Login.storyboard */,
				13F4BA8E244E54DC00C0DC23 /* Main.storyboard */,
				634E16BE244F6381002C954A /* Venues.storyboard */,
				634E16BC244F3B77002C954A /* Wireframe.storyboard */,
				13F4BA91244E54E000C0DC23 /* Assets.xcassets */,
				13F4BA93244E54E000C0DC23 /* LaunchScreen.storyboard */,
				139F1DDB244E60E900C1CF4F /* GoogleService-Info.plist */,
				13F4BA96244E54E000C0DC23 /* Info.plist */,
			);
			path = TeamBite;
			sourceTree = "<group>";
		};
		13F4BAA2244E596900C0DC23 /* FirebaseManager */ = {
			isa = PBXGroup;
			children = (
				13F4BA9E244E595B00C0DC23 /* AuthenticationSessions.swift */,
				13F4BAA0244E596400C0DC23 /* DatabaseService.swift */,
			);
			path = FirebaseManager;
			sourceTree = "<group>";
		};
		13F4BAA5244E599600C0DC23 /* Models */ = {
			isa = PBXGroup;
			children = (
				13F4BAA3244E599000C0DC23 /* Offer.swift */,
				13F4BAA6244E5A0300C0DC23 /* Venue.swift */,
				634E16C8244FC4A5002C954A /* User.swift */,
				13F39633244F6F34004BD488 /* Resources.swift */,
			);
			path = Models;
			sourceTree = "<group>";
		};
		13F4BAAA244E5A3400C0DC23 /* ViewControllers */ = {
			isa = PBXGroup;
			children = (
				13F4BA8C244E54DC00C0DC23 /* ViewController.swift */,
				13F4BAAD244E5A8900C0DC23 /* VenueInfoController.swift */,
				13F4BAAB244E5A6200C0DC23 /* ResourcesViewController.swift */,
				9F504D2E24500A0F00294978 /* MainViewController.swift */,
				9F01126324501360006B2DE8 /* UserDetailViewController.swift */,
				C4604AA7244F6165008E2857 /* LoginViewController.swift */,
				C4604AA9244F7D9B008E2857 /* VenueSignUpController.swift */,
				C4604AAF244FDF0C008E2857 /* CollectVenueInfoController.swift */,
				634E16C0244F643D002C954A /* VenueViewController.swift */,
				634E16C2244F68F3002C954A /* PastOffersViewController.swift */,
				634E16C6244FBC80002C954A /* CreateOffersViewController.swift */,
				C4789D992450BCED008193BA /* AverageUserSignInController.swift */,
				C4789DA12450EBB4008193BA /* UserFoodPreferencesController.swift */,
				C4789D9D2450E758008193BA /* LoginWithPhoneController.swift */,
				636E9C6424516BDB00461E43 /* ClaimButtonViewController.swift */,
				636E9C6624516DED00461E43 /* TabBarController.swift */,
			);
			path = ViewControllers;
			sourceTree = "<group>";
		};
		13F4BAB5244E5AD500C0DC23 /* Cells */ = {
			isa = PBXGroup;
			children = (
				13F4BAAF244E5AB200C0DC23 /* LoginCustomCell.swift */,
				13F4BAB1244E5AC100C0DC23 /* OffersCell.swift */,
				13F4BAB3244E5ACF00C0DC23 /* VenueCell.swift */,
				13F39635244F7B26004BD488 /* ResourcesCell.swift */,
			);
			path = Cells;
			sourceTree = "<group>";
		};
		13F4BABE244E5B9200C0DC23 /* Extensions */ = {
			isa = PBXGroup;
			children = (
				13F4BABC244E5B5200C0DC23 /* UIViewController + Alerts.swift */,
				C4789D952450BA31008193BA /* UIViewController+SceneChange.swift */,
			);
			path = Extensions;
			sourceTree = "<group>";
		};
		13F4BABF244E5B9E00C0DC23 /* Views */ = {
			isa = PBXGroup;
			children = (
				13F4BAB8244E5B0D00C0DC23 /* HeaderView.swift */,
				13F4BABA244E5B2500C0DC23 /* EmptyView.swift */,
				9F37802B244F7941007C174E /* MainView.swift */,
				9F37802D244F873C007C174E /* MainViewCell.swift */,
				9F504D2C244FEA2800294978 /* UserDetailView.swift */,
				C4604AA5244F613E008E2857 /* LoginView.swift */,
				C4604AAB244F7DB4008E2857 /* VenueSignUpView.swift */,
				C4604AAD244FDECE008E2857 /* CollectVenueInfoView.swift */,
				9F0112652450DB07006B2DE8 /* ClaimMealsView.swift */,
				C4789D972450BCD4008193BA /* AverageUserSignInView.swift */,
				C4789D9F2450EB94008193BA /* UserFoodPreferencesView.swift */,
				C4789D9B2450E742008193BA /* LoginWithPhoneView.swift */,
			);
			path = Views;
			sourceTree = "<group>";
		};
		15687901BB74BB85DA73B07A /* Pods */ = {
			isa = PBXGroup;
			children = (
				D640137B3F19C392620FF0D3 /* Pods-TeamBite.debug.xcconfig */,
				968999C13E4D20935AD54CD3 /* Pods-TeamBite.release.xcconfig */,
			);
			path = Pods;
			sourceTree = "<group>";
		};
/* End PBXGroup section */

/* Begin PBXNativeTarget section */
		13F4BA84244E54DC00C0DC23 /* TeamBite */ = {
			isa = PBXNativeTarget;
			buildConfigurationList = 13F4BA99244E54E000C0DC23 /* Build configuration list for PBXNativeTarget "TeamBite" */;
			buildPhases = (
				1C04E39508021A7ACB53149B /* [CP] Check Pods Manifest.lock */,
				13F4BA81244E54DC00C0DC23 /* Sources */,
				13F4BA82244E54DC00C0DC23 /* Frameworks */,
				13F4BA83244E54DC00C0DC23 /* Resources */,
				4230E12C234569E2FA0E9695 /* [CP] Embed Pods Frameworks */,
			);
			buildRules = (
			);
			dependencies = (
			);
			name = TeamBite;
			productName = TeamBite;
			productReference = 13F4BA85244E54DC00C0DC23 /* TeamBite.app */;
			productType = "com.apple.product-type.application";
		};
/* End PBXNativeTarget section */

/* Begin PBXProject section */
		13F4BA7D244E54DC00C0DC23 /* Project object */ = {
			isa = PBXProject;
			attributes = {
				LastSwiftUpdateCheck = 1120;
				LastUpgradeCheck = 1120;
				ORGANIZATIONNAME = "Christian Hurtado";
				TargetAttributes = {
					13F4BA84244E54DC00C0DC23 = {
						CreatedOnToolsVersion = 11.2;
					};
				};
			};
			buildConfigurationList = 13F4BA80244E54DC00C0DC23 /* Build configuration list for PBXProject "TeamBite" */;
			compatibilityVersion = "Xcode 9.3";
			developmentRegion = en;
			hasScannedForEncodings = 0;
			knownRegions = (
				en,
				Base,
			);
			mainGroup = 13F4BA7C244E54DC00C0DC23;
			productRefGroup = 13F4BA86244E54DC00C0DC23 /* Products */;
			projectDirPath = "";
			projectRoot = "";
			targets = (
				13F4BA84244E54DC00C0DC23 /* TeamBite */,
			);
		};
/* End PBXProject section */

/* Begin PBXResourcesBuildPhase section */
		13F4BA83244E54DC00C0DC23 /* Resources */ = {
			isa = PBXResourcesBuildPhase;
			buildActionMask = 2147483647;
			files = (
				13F4BA9D244E582500C0DC23 /* Login.storyboard in Resources */,
				634E16BD244F3B77002C954A /* Wireframe.storyboard in Resources */,
				1353936F245179C200CB9622 /* FoodReady.mp3 in Resources */,
				13F4BA95244E54E000C0DC23 /* LaunchScreen.storyboard in Resources */,
				13F4BA92244E54E000C0DC23 /* Assets.xcassets in Resources */,
				634E16BF244F6381002C954A /* Venues.storyboard in Resources */,
				139F1DDC244E60E900C1CF4F /* GoogleService-Info.plist in Resources */,
				1353936D2451774200CB9622 /* Bite2.mp3 in Resources */,
				13F4BA90244E54DC00C0DC23 /* Main.storyboard in Resources */,
			);
			runOnlyForDeploymentPostprocessing = 0;
		};
/* End PBXResourcesBuildPhase section */

/* Begin PBXShellScriptBuildPhase section */
		1C04E39508021A7ACB53149B /* [CP] Check Pods Manifest.lock */ = {
			isa = PBXShellScriptBuildPhase;
			buildActionMask = 2147483647;
			files = (
			);
			inputFileListPaths = (
			);
			inputPaths = (
				"${PODS_PODFILE_DIR_PATH}/Podfile.lock",
				"${PODS_ROOT}/Manifest.lock",
			);
			name = "[CP] Check Pods Manifest.lock";
			outputFileListPaths = (
			);
			outputPaths = (
				"$(DERIVED_FILE_DIR)/Pods-TeamBite-checkManifestLockResult.txt",
			);
			runOnlyForDeploymentPostprocessing = 0;
			shellPath = /bin/sh;
			shellScript = "diff \"${PODS_PODFILE_DIR_PATH}/Podfile.lock\" \"${PODS_ROOT}/Manifest.lock\" > /dev/null\nif [ $? != 0 ] ; then\n    # print error to STDERR\n    echo \"error: The sandbox is not in sync with the Podfile.lock. Run 'pod install' or update your CocoaPods installation.\" >&2\n    exit 1\nfi\n# This output is used by Xcode 'outputs' to avoid re-running this script phase.\necho \"SUCCESS\" > \"${SCRIPT_OUTPUT_FILE_0}\"\n";
			showEnvVarsInLog = 0;
		};
		4230E12C234569E2FA0E9695 /* [CP] Embed Pods Frameworks */ = {
			isa = PBXShellScriptBuildPhase;
			buildActionMask = 2147483647;
			files = (
			);
			inputFileListPaths = (
				"${PODS_ROOT}/Target Support Files/Pods-TeamBite/Pods-TeamBite-frameworks-${CONFIGURATION}-input-files.xcfilelist",
			);
			name = "[CP] Embed Pods Frameworks";
			outputFileListPaths = (
				"${PODS_ROOT}/Target Support Files/Pods-TeamBite/Pods-TeamBite-frameworks-${CONFIGURATION}-output-files.xcfilelist",
			);
			runOnlyForDeploymentPostprocessing = 0;
			shellPath = /bin/sh;
			shellScript = "\"${PODS_ROOT}/Target Support Files/Pods-TeamBite/Pods-TeamBite-frameworks.sh\"\n";
			showEnvVarsInLog = 0;
		};
/* End PBXShellScriptBuildPhase section */

/* Begin PBXSourcesBuildPhase section */
		13F4BA81244E54DC00C0DC23 /* Sources */ = {
			isa = PBXSourcesBuildPhase;
			buildActionMask = 2147483647;
			files = (
				9F504D2D244FEA2800294978 /* UserDetailView.swift in Sources */,
				C4604AA8244F6165008E2857 /* LoginViewController.swift in Sources */,
				13F4BA8D244E54DC00C0DC23 /* ViewController.swift in Sources */,
				636E9C6724516DED00461E43 /* TabBarController.swift in Sources */,
				C4789D9E2450E758008193BA /* LoginWithPhoneController.swift in Sources */,
				634E16C3244F68F3002C954A /* PastOffersViewController.swift in Sources */,
				634E16C7244FBC80002C954A /* CreateOffersViewController.swift in Sources */,
				C4789DA02450EB94008193BA /* UserFoodPreferencesView.swift in Sources */,
				13F4BABB244E5B2500C0DC23 /* EmptyView.swift in Sources */,
				13F4BAA1244E596400C0DC23 /* DatabaseService.swift in Sources */,
				13F4BAB7244E5AF000C0DC23 /* CoreLocationManager.swift in Sources */,
				9F37802E244F873C007C174E /* MainViewCell.swift in Sources */,
				9F504D2F24500A0F00294978 /* MainViewController.swift in Sources */,
				13F4BA89244E54DC00C0DC23 /* AppDelegate.swift in Sources */,
				13F4BAA7244E5A0300C0DC23 /* Venue.swift in Sources */,
				13F4BAA4244E599000C0DC23 /* Offer.swift in Sources */,
				C4604AAA244F7D9B008E2857 /* VenueSignUpController.swift in Sources */,
				C4789DA22450EBB4008193BA /* UserFoodPreferencesController.swift in Sources */,
				13F4BAA7244E5A0300C0DC23 /* Venue.swift in Sources */,
				13F4BAA4244E599000C0DC23 /* Offer.swift in Sources */,
				634E16C1244F643D002C954A /* VenueViewController.swift in Sources */,
				634E16C9244FC4A5002C954A /* User.swift in Sources */,
				C4789D9C2450E742008193BA /* LoginWithPhoneView.swift in Sources */,
				13F4BAB2244E5AC100C0DC23 /* OffersCell.swift in Sources */,
				13F4BA9F244E595B00C0DC23 /* AuthenticationSessions.swift in Sources */,
				13F39634244F6F34004BD488 /* Resources.swift in Sources */,
				C4789D9A2450BCED008193BA /* AverageUserSignInController.swift in Sources */,
				13F4BAAE244E5A8900C0DC23 /* VenueInfoController.swift in Sources */,
				C4604AA6244F613E008E2857 /* LoginView.swift in Sources */,
				C4604AB0244FDF0C008E2857 /* CollectVenueInfoController.swift in Sources */,
				C4789D962450BA31008193BA /* UIViewController+SceneChange.swift in Sources */,
				13F4BAAC244E5A6200C0DC23 /* ResourcesViewController.swift in Sources */,
				9F01126424501360006B2DE8 /* UserDetailViewController.swift in Sources */,
				9F37802C244F7941007C174E /* MainView.swift in Sources */,
				C4789D982450BCD4008193BA /* AverageUserSignInView.swift in Sources */,
				13F4BAB4244E5ACF00C0DC23 /* VenueCell.swift in Sources */,
				9F0112662450DB08006B2DE8 /* ClaimMealsView.swift in Sources */,
				13F4BAB0244E5AB200C0DC23 /* LoginCustomCell.swift in Sources */,
				C4604AAC244F7DB4008E2857 /* VenueSignUpView.swift in Sources */,
				13F4BABD244E5B5200C0DC23 /* UIViewController + Alerts.swift in Sources */,
				636E9C6524516BDB00461E43 /* ClaimButtonViewController.swift in Sources */,
				13F39636244F7B26004BD488 /* ResourcesCell.swift in Sources */,
				13F4BA8B244E54DC00C0DC23 /* SceneDelegate.swift in Sources */,
				C4604AAE244FDECE008E2857 /* CollectVenueInfoView.swift in Sources */,
				13F4BAB9244E5B0D00C0DC23 /* HeaderView.swift in Sources */,
			);
			runOnlyForDeploymentPostprocessing = 0;
		};
/* End PBXSourcesBuildPhase section */

/* Begin PBXVariantGroup section */
		13F4BA8E244E54DC00C0DC23 /* Main.storyboard */ = {
			isa = PBXVariantGroup;
			children = (
				13F4BA8F244E54DC00C0DC23 /* Base */,
			);
			name = Main.storyboard;
			sourceTree = "<group>";
		};
		13F4BA93244E54E000C0DC23 /* LaunchScreen.storyboard */ = {
			isa = PBXVariantGroup;
			children = (
				13F4BA94244E54E000C0DC23 /* Base */,
			);
			name = LaunchScreen.storyboard;
			sourceTree = "<group>";
		};
/* End PBXVariantGroup section */

/* Begin XCBuildConfiguration section */
		13F4BA97244E54E000C0DC23 /* Debug */ = {
			isa = XCBuildConfiguration;
			buildSettings = {
				ALWAYS_SEARCH_USER_PATHS = NO;
				CLANG_ANALYZER_NONNULL = YES;
				CLANG_ANALYZER_NUMBER_OBJECT_CONVERSION = YES_AGGRESSIVE;
				CLANG_CXX_LANGUAGE_STANDARD = "gnu++14";
				CLANG_CXX_LIBRARY = "libc++";
				CLANG_ENABLE_MODULES = YES;
				CLANG_ENABLE_OBJC_ARC = YES;
				CLANG_ENABLE_OBJC_WEAK = YES;
				CLANG_WARN_BLOCK_CAPTURE_AUTORELEASING = YES;
				CLANG_WARN_BOOL_CONVERSION = YES;
				CLANG_WARN_COMMA = YES;
				CLANG_WARN_CONSTANT_CONVERSION = YES;
				CLANG_WARN_DEPRECATED_OBJC_IMPLEMENTATIONS = YES;
				CLANG_WARN_DIRECT_OBJC_ISA_USAGE = YES_ERROR;
				CLANG_WARN_DOCUMENTATION_COMMENTS = YES;
				CLANG_WARN_EMPTY_BODY = YES;
				CLANG_WARN_ENUM_CONVERSION = YES;
				CLANG_WARN_INFINITE_RECURSION = YES;
				CLANG_WARN_INT_CONVERSION = YES;
				CLANG_WARN_NON_LITERAL_NULL_CONVERSION = YES;
				CLANG_WARN_OBJC_IMPLICIT_RETAIN_SELF = YES;
				CLANG_WARN_OBJC_LITERAL_CONVERSION = YES;
				CLANG_WARN_OBJC_ROOT_CLASS = YES_ERROR;
				CLANG_WARN_RANGE_LOOP_ANALYSIS = YES;
				CLANG_WARN_STRICT_PROTOTYPES = YES;
				CLANG_WARN_SUSPICIOUS_MOVE = YES;
				CLANG_WARN_UNGUARDED_AVAILABILITY = YES_AGGRESSIVE;
				CLANG_WARN_UNREACHABLE_CODE = YES;
				CLANG_WARN__DUPLICATE_METHOD_MATCH = YES;
				COPY_PHASE_STRIP = NO;
				DEBUG_INFORMATION_FORMAT = dwarf;
				ENABLE_STRICT_OBJC_MSGSEND = YES;
				ENABLE_TESTABILITY = YES;
				GCC_C_LANGUAGE_STANDARD = gnu11;
				GCC_DYNAMIC_NO_PIC = NO;
				GCC_NO_COMMON_BLOCKS = YES;
				GCC_OPTIMIZATION_LEVEL = 0;
				GCC_PREPROCESSOR_DEFINITIONS = (
					"DEBUG=1",
					"$(inherited)",
				);
				GCC_WARN_64_TO_32_BIT_CONVERSION = YES;
				GCC_WARN_ABOUT_RETURN_TYPE = YES_ERROR;
				GCC_WARN_UNDECLARED_SELECTOR = YES;
				GCC_WARN_UNINITIALIZED_AUTOS = YES_AGGRESSIVE;
				GCC_WARN_UNUSED_FUNCTION = YES;
				GCC_WARN_UNUSED_VARIABLE = YES;
				IPHONEOS_DEPLOYMENT_TARGET = 13.2;
				MTL_ENABLE_DEBUG_INFO = INCLUDE_SOURCE;
				MTL_FAST_MATH = YES;
				ONLY_ACTIVE_ARCH = YES;
				SDKROOT = iphoneos;
				SWIFT_ACTIVE_COMPILATION_CONDITIONS = DEBUG;
				SWIFT_OPTIMIZATION_LEVEL = "-Onone";
			};
			name = Debug;
		};
		13F4BA98244E54E000C0DC23 /* Release */ = {
			isa = XCBuildConfiguration;
			buildSettings = {
				ALWAYS_SEARCH_USER_PATHS = NO;
				CLANG_ANALYZER_NONNULL = YES;
				CLANG_ANALYZER_NUMBER_OBJECT_CONVERSION = YES_AGGRESSIVE;
				CLANG_CXX_LANGUAGE_STANDARD = "gnu++14";
				CLANG_CXX_LIBRARY = "libc++";
				CLANG_ENABLE_MODULES = YES;
				CLANG_ENABLE_OBJC_ARC = YES;
				CLANG_ENABLE_OBJC_WEAK = YES;
				CLANG_WARN_BLOCK_CAPTURE_AUTORELEASING = YES;
				CLANG_WARN_BOOL_CONVERSION = YES;
				CLANG_WARN_COMMA = YES;
				CLANG_WARN_CONSTANT_CONVERSION = YES;
				CLANG_WARN_DEPRECATED_OBJC_IMPLEMENTATIONS = YES;
				CLANG_WARN_DIRECT_OBJC_ISA_USAGE = YES_ERROR;
				CLANG_WARN_DOCUMENTATION_COMMENTS = YES;
				CLANG_WARN_EMPTY_BODY = YES;
				CLANG_WARN_ENUM_CONVERSION = YES;
				CLANG_WARN_INFINITE_RECURSION = YES;
				CLANG_WARN_INT_CONVERSION = YES;
				CLANG_WARN_NON_LITERAL_NULL_CONVERSION = YES;
				CLANG_WARN_OBJC_IMPLICIT_RETAIN_SELF = YES;
				CLANG_WARN_OBJC_LITERAL_CONVERSION = YES;
				CLANG_WARN_OBJC_ROOT_CLASS = YES_ERROR;
				CLANG_WARN_RANGE_LOOP_ANALYSIS = YES;
				CLANG_WARN_STRICT_PROTOTYPES = YES;
				CLANG_WARN_SUSPICIOUS_MOVE = YES;
				CLANG_WARN_UNGUARDED_AVAILABILITY = YES_AGGRESSIVE;
				CLANG_WARN_UNREACHABLE_CODE = YES;
				CLANG_WARN__DUPLICATE_METHOD_MATCH = YES;
				COPY_PHASE_STRIP = NO;
				DEBUG_INFORMATION_FORMAT = "dwarf-with-dsym";
				ENABLE_NS_ASSERTIONS = NO;
				ENABLE_STRICT_OBJC_MSGSEND = YES;
				GCC_C_LANGUAGE_STANDARD = gnu11;
				GCC_NO_COMMON_BLOCKS = YES;
				GCC_WARN_64_TO_32_BIT_CONVERSION = YES;
				GCC_WARN_ABOUT_RETURN_TYPE = YES_ERROR;
				GCC_WARN_UNDECLARED_SELECTOR = YES;
				GCC_WARN_UNINITIALIZED_AUTOS = YES_AGGRESSIVE;
				GCC_WARN_UNUSED_FUNCTION = YES;
				GCC_WARN_UNUSED_VARIABLE = YES;
				IPHONEOS_DEPLOYMENT_TARGET = 13.2;
				MTL_ENABLE_DEBUG_INFO = NO;
				MTL_FAST_MATH = YES;
				SDKROOT = iphoneos;
				SWIFT_COMPILATION_MODE = wholemodule;
				SWIFT_OPTIMIZATION_LEVEL = "-O";
				VALIDATE_PRODUCT = YES;
			};
			name = Release;
		};
		13F4BA9A244E54E000C0DC23 /* Debug */ = {
			isa = XCBuildConfiguration;
			baseConfigurationReference = D640137B3F19C392620FF0D3 /* Pods-TeamBite.debug.xcconfig */;
			buildSettings = {
				ASSETCATALOG_COMPILER_APPICON_NAME = AppIcon;
				CODE_SIGN_STYLE = Automatic;
				DEVELOPMENT_TEAM = 5YYJ8TDUCW;
				INFOPLIST_FILE = TeamBite/Info.plist;
				LD_RUNPATH_SEARCH_PATHS = (
					"$(inherited)",
					"@executable_path/Frameworks",
				);
				PRODUCT_BUNDLE_IDENTIFIER = com.christianhurtado.TeamBite;
				PRODUCT_NAME = "$(TARGET_NAME)";
				SWIFT_VERSION = 5.0;
				TARGETED_DEVICE_FAMILY = "1,2";
			};
			name = Debug;
		};
		13F4BA9B244E54E000C0DC23 /* Release */ = {
			isa = XCBuildConfiguration;
			baseConfigurationReference = 968999C13E4D20935AD54CD3 /* Pods-TeamBite.release.xcconfig */;
			buildSettings = {
				ASSETCATALOG_COMPILER_APPICON_NAME = AppIcon;
				CODE_SIGN_STYLE = Automatic;
				DEVELOPMENT_TEAM = 5YYJ8TDUCW;
				INFOPLIST_FILE = TeamBite/Info.plist;
				LD_RUNPATH_SEARCH_PATHS = (
					"$(inherited)",
					"@executable_path/Frameworks",
				);
				PRODUCT_BUNDLE_IDENTIFIER = com.christianhurtado.TeamBite;
				PRODUCT_NAME = "$(TARGET_NAME)";
				SWIFT_VERSION = 5.0;
				TARGETED_DEVICE_FAMILY = "1,2";
			};
			name = Release;
		};
/* End XCBuildConfiguration section */

/* Begin XCConfigurationList section */
		13F4BA80244E54DC00C0DC23 /* Build configuration list for PBXProject "TeamBite" */ = {
			isa = XCConfigurationList;
			buildConfigurations = (
				13F4BA97244E54E000C0DC23 /* Debug */,
				13F4BA98244E54E000C0DC23 /* Release */,
			);
			defaultConfigurationIsVisible = 0;
			defaultConfigurationName = Release;
		};
		13F4BA99244E54E000C0DC23 /* Build configuration list for PBXNativeTarget "TeamBite" */ = {
			isa = XCConfigurationList;
			buildConfigurations = (
				13F4BA9A244E54E000C0DC23 /* Debug */,
				13F4BA9B244E54E000C0DC23 /* Release */,
			);
			defaultConfigurationIsVisible = 0;
			defaultConfigurationName = Release;
		};
/* End XCConfigurationList section */
	};
	rootObject = 13F4BA7D244E54DC00C0DC23 /* Project object */;
}
